
Microsoft Visual Studio Solution File, Format Version 12.00
# Visual Studio Version 17
VisualStudioVersion = 17.6.33723.286
MinimumVisualStudioVersion = 10.0.40219.1
Project("{FAE04EC0-301F-11D3-BF4B-00C04F79EFBC}") = "PumpJam.WebApp", "PumpJam.WebApp\PumpJam.WebApp.csproj", "{DC77DE28-7010-4386-9054-7EDF1091D78E}"
EndProject
Project("{FAE04EC0-301F-11D3-BF4B-00C04F79EFBC}") = "PumpJam.Domain", "PumpJam.Domain\PumpJam.Domain.csproj", "{28ADBC05-6360-431C-B4F0-F6D821FC090A}"
EndProject
Project("{FAE04EC0-301F-11D3-BF4B-00C04F79EFBC}") = "PumpJam.Application", "PumpJam.Application\PumpJam.Application.csproj", "{0B33650F-F9F7-4E84-9F30-08E76C801DA5}"
EndProject
Global
	GlobalSection(SolutionConfigurationPlatforms) = preSolution
		Debug|Any CPU = Debug|Any CPU
		Release|Any CPU = Release|Any CPU
	EndGlobalSection
	GlobalSection(ProjectConfigurationPlatforms) = postSolution
		{DC77DE28-7010-4386-9054-7EDF1091D78E}.Debug|Any CPU.ActiveCfg = Debug|Any CPU
		{DC77DE28-7010-4386-9054-7EDF1091D78E}.Debug|Any CPU.Build.0 = Debug|Any CPU
		{DC77DE28-7010-4386-9054-7EDF1091D78E}.Release|Any CPU.ActiveCfg = Release|Any CPU
		{DC77DE28-7010-4386-9054-7EDF1091D78E}.Release|Any CPU.Build.0 = Release|Any CPU
		{28ADBC05-6360-431C-B4F0-F6D821FC090A}.Debug|Any CPU.ActiveCfg = Debug|Any CPU
		{28ADBC05-6360-431C-B4F0-F6D821FC090A}.Debug|Any CPU.Build.0 = Debug|Any CPU
		{28ADBC05-6360-431C-B4F0-F6D821FC090A}.Release|Any CPU.ActiveCfg = Release|Any CPU
		{28ADBC05-6360-431C-B4F0-F6D821FC090A}.Release|Any CPU.Build.0 = Release|Any CPU
		{0B33650F-F9F7-4E84-9F30-08E76C801DA5}.Debug|Any CPU.ActiveCfg = Debug|Any CPU
		{0B33650F-F9F7-4E84-9F30-08E76C801DA5}.Debug|Any CPU.Build.0 = Debug|Any CPU
		{0B33650F-F9F7-4E84-9F30-08E76C801DA5}.Release|Any CPU.ActiveCfg = Release|Any CPU
		{0B33650F-F9F7-4E84-9F30-08E76C801DA5}.Release|Any CPU.Build.0 = Release|Any CPU
	EndGlobalSection
	GlobalSection(SolutionProperties) = preSolution
		HideSolutionNode = FALSE
	EndGlobalSection
	GlobalSection(ExtensibilityGlobals) = postSolution
		SolutionGuid = {12CB6BA2-C31E-4F95-8A3D-D39EB3D1285A}
	EndGlobalSection
EndGlobal
